
Microsoft Visual Studio Solution File, Format Version 12.00
# Visual Studio Version 17
VisualStudioVersion = 17.5.002.0
MinimumVisualStudioVersion = 10.0.40219.1
Project("{9A19103F-16F7-4668-BE54-9A1E7A4F7556}") = "gitpeek-lang", "gitpeek-lang.csproj", "{CF47D42E-0675-4CAE-AB05-5862C2941551}"
EndProject
Global
	GlobalSection(SolutionConfigurationPlatforms) = preSolution
		Debug|Any CPU = Debug|Any CPU
		Release|Any CPU = Release|Any CPU
	EndGlobalSection
	GlobalSection(ProjectConfigurationPlatforms) = postSolution
		{CF47D42E-0675-4CAE-AB05-5862C2941551}.Debug|Any CPU.ActiveCfg = Debug|Any CPU
		{CF47D42E-0675-4CAE-AB05-5862C2941551}.Debug|Any CPU.Build.0 = Debug|Any CPU
		{CF47D42E-0675-4CAE-AB05-5862C2941551}.Release|Any CPU.ActiveCfg = Release|Any CPU
		{CF47D42E-0675-4CAE-AB05-5862C2941551}.Release|Any CPU.Build.0 = Release|Any CPU
	EndGlobalSection
	GlobalSection(SolutionProperties) = preSolution
		HideSolutionNode = FALSE
	EndGlobalSection
	GlobalSection(ExtensibilityGlobals) = postSolution
		SolutionGuid = {532C4694-7570-4D21-B6F4-64288D419E15}
	EndGlobalSection
EndGlobal
